// !$*UTF8*$!
{
	archiveVersion = 1;
	classes = {
	};
	objectVersion = 56;
	objects = {

/* Begin PBXBuildFile section */
		3BD601102B41D5E5001AE3D0 /* CoinCleanArchitectureApp.swift in Sources */ = {isa = PBXBuildFile; fileRef = 3BD6010F2B41D5E5001AE3D0 /* CoinCleanArchitectureApp.swift */; };
		3BD601122B41D5E5001AE3D0 /* ContentView.swift in Sources */ = {isa = PBXBuildFile; fileRef = 3BD601112B41D5E5001AE3D0 /* ContentView.swift */; };
		3BD601142B41D5E8001AE3D0 /* Assets.xcassets in Resources */ = {isa = PBXBuildFile; fileRef = 3BD601132B41D5E8001AE3D0 /* Assets.xcassets */; };
		3BD601172B41D5E8001AE3D0 /* Preview Assets.xcassets in Resources */ = {isa = PBXBuildFile; fileRef = 3BD601162B41D5E8001AE3D0 /* Preview Assets.xcassets */; };
		3BD601212B41D5E9001AE3D0 /* CoinCleanArchitectureTests.swift in Sources */ = {isa = PBXBuildFile; fileRef = 3BD601202B41D5E9001AE3D0 /* CoinCleanArchitectureTests.swift */; };
		3BD6012B2B41D5E9001AE3D0 /* CoinCleanArchitectureUITests.swift in Sources */ = {isa = PBXBuildFile; fileRef = 3BD6012A2B41D5E9001AE3D0 /* CoinCleanArchitectureUITests.swift */; };
		3BD6012D2B41D5E9001AE3D0 /* CoinCleanArchitectureUITestsLaunchTests.swift in Sources */ = {isa = PBXBuildFile; fileRef = 3BD6012C2B41D5E9001AE3D0 /* CoinCleanArchitectureUITestsLaunchTests.swift */; };
		3BD6013A2B4215FF001AE3D0 /* Cryptocurrency.swift in Sources */ = {isa = PBXBuildFile; fileRef = 3BD601392B4215FF001AE3D0 /* Cryptocurrency.swift */; };
		3BD601412B421CF9001AE3D0 /* GetGlobalCryptoList.swift in Sources */ = {isa = PBXBuildFile; fileRef = 3BD601402B421CF9001AE3D0 /* GetGlobalCryptoList.swift */; };
		3BD601442B42368F001AE3D0 /* GlobalCryptoListRespositoryType.swift in Sources */ = {isa = PBXBuildFile; fileRef = 3BD601432B42368F001AE3D0 /* GlobalCryptoListRespositoryType.swift */; };
		3BD601462B423728001AE3D0 /* CryptoCurrencyDomainError.swift in Sources */ = {isa = PBXBuildFile; fileRef = 3BD601452B423728001AE3D0 /* CryptoCurrencyDomainError.swift */; };
		3BD6014A2B4237A8001AE3D0 /* CryptoCurrencyRespository.swift in Sources */ = {isa = PBXBuildFile; fileRef = 3BD601492B4237A8001AE3D0 /* CryptoCurrencyRespository.swift */; };
		3BD6014D2B425983001AE3D0 /* CryptoCurrencyPriceDTO.swift in Sources */ = {isa = PBXBuildFile; fileRef = 3BD6014C2B425983001AE3D0 /* CryptoCurrencyPriceDTO.swift */; };
		3BD601502B4259B9001AE3D0 /* CryptocurrencyBasicDTO.swift in Sources */ = {isa = PBXBuildFile; fileRef = 3BD6014F2B4259B9001AE3D0 /* CryptocurrencyBasicDTO.swift */; };
		3BD601532B425A09001AE3D0 /* HttpClientErrors.swift in Sources */ = {isa = PBXBuildFile; fileRef = 3BD601522B425A09001AE3D0 /* HttpClientErrors.swift */; };
		3BD601552B425A43001AE3D0 /* ApiDataSourceType.swift in Sources */ = {isa = PBXBuildFile; fileRef = 3BD601542B425A43001AE3D0 /* ApiDataSourceType.swift */; };
/* End PBXBuildFile section */

/* Begin PBXContainerItemProxy section */
		3BD6011D2B41D5E9001AE3D0 /* PBXContainerItemProxy */ = {
			isa = PBXContainerItemProxy;
			containerPortal = 3BD601042B41D5E5001AE3D0 /* Project object */;
			proxyType = 1;
			remoteGlobalIDString = 3BD6010B2B41D5E5001AE3D0;
			remoteInfo = CoinCleanArchitecture;
		};
		3BD601272B41D5E9001AE3D0 /* PBXContainerItemProxy */ = {
			isa = PBXContainerItemProxy;
			containerPortal = 3BD601042B41D5E5001AE3D0 /* Project object */;
			proxyType = 1;
			remoteGlobalIDString = 3BD6010B2B41D5E5001AE3D0;
			remoteInfo = CoinCleanArchitecture;
		};
/* End PBXContainerItemProxy section */

/* Begin PBXFileReference section */
		3BD6010C2B41D5E5001AE3D0 /* CoinCleanArchitecture.app */ = {isa = PBXFileReference; explicitFileType = wrapper.application; includeInIndex = 0; path = CoinCleanArchitecture.app; sourceTree = BUILT_PRODUCTS_DIR; };
		3BD6010F2B41D5E5001AE3D0 /* CoinCleanArchitectureApp.swift */ = {isa = PBXFileReference; lastKnownFileType = sourcecode.swift; path = CoinCleanArchitectureApp.swift; sourceTree = "<group>"; };
		3BD601112B41D5E5001AE3D0 /* ContentView.swift */ = {isa = PBXFileReference; lastKnownFileType = sourcecode.swift; path = ContentView.swift; sourceTree = "<group>"; };
		3BD601132B41D5E8001AE3D0 /* Assets.xcassets */ = {isa = PBXFileReference; lastKnownFileType = folder.assetcatalog; path = Assets.xcassets; sourceTree = "<group>"; };
		3BD601162B41D5E8001AE3D0 /* Preview Assets.xcassets */ = {isa = PBXFileReference; lastKnownFileType = folder.assetcatalog; path = "Preview Assets.xcassets"; sourceTree = "<group>"; };
		3BD6011C2B41D5E9001AE3D0 /* CoinCleanArchitectureTests.xctest */ = {isa = PBXFileReference; explicitFileType = wrapper.cfbundle; includeInIndex = 0; path = CoinCleanArchitectureTests.xctest; sourceTree = BUILT_PRODUCTS_DIR; };
		3BD601202B41D5E9001AE3D0 /* CoinCleanArchitectureTests.swift */ = {isa = PBXFileReference; lastKnownFileType = sourcecode.swift; path = CoinCleanArchitectureTests.swift; sourceTree = "<group>"; };
		3BD601262B41D5E9001AE3D0 /* CoinCleanArchitectureUITests.xctest */ = {isa = PBXFileReference; explicitFileType = wrapper.cfbundle; includeInIndex = 0; path = CoinCleanArchitectureUITests.xctest; sourceTree = BUILT_PRODUCTS_DIR; };
		3BD6012A2B41D5E9001AE3D0 /* CoinCleanArchitectureUITests.swift */ = {isa = PBXFileReference; lastKnownFileType = sourcecode.swift; path = CoinCleanArchitectureUITests.swift; sourceTree = "<group>"; };
		3BD6012C2B41D5E9001AE3D0 /* CoinCleanArchitectureUITestsLaunchTests.swift */ = {isa = PBXFileReference; lastKnownFileType = sourcecode.swift; path = CoinCleanArchitectureUITestsLaunchTests.swift; sourceTree = "<group>"; };
		3BD601392B4215FF001AE3D0 /* Cryptocurrency.swift */ = {isa = PBXFileReference; lastKnownFileType = sourcecode.swift; path = Cryptocurrency.swift; sourceTree = "<group>"; };
		3BD601402B421CF9001AE3D0 /* GetGlobalCryptoList.swift */ = {isa = PBXFileReference; lastKnownFileType = sourcecode.swift; path = GetGlobalCryptoList.swift; sourceTree = "<group>"; };
		3BD601432B42368F001AE3D0 /* GlobalCryptoListRespositoryType.swift */ = {isa = PBXFileReference; lastKnownFileType = sourcecode.swift; path = GlobalCryptoListRespositoryType.swift; sourceTree = "<group>"; };
		3BD601452B423728001AE3D0 /* CryptoCurrencyDomainError.swift */ = {isa = PBXFileReference; lastKnownFileType = sourcecode.swift; path = CryptoCurrencyDomainError.swift; sourceTree = "<group>"; };
		3BD601492B4237A8001AE3D0 /* CryptoCurrencyRespository.swift */ = {isa = PBXFileReference; lastKnownFileType = sourcecode.swift; path = CryptoCurrencyRespository.swift; sourceTree = "<group>"; };
		3BD6014C2B425983001AE3D0 /* CryptoCurrencyPriceDTO.swift */ = {isa = PBXFileReference; lastKnownFileType = sourcecode.swift; path = CryptoCurrencyPriceDTO.swift; sourceTree = "<group>"; };
		3BD6014F2B4259B9001AE3D0 /* CryptocurrencyBasicDTO.swift */ = {isa = PBXFileReference; lastKnownFileType = sourcecode.swift; path = CryptocurrencyBasicDTO.swift; sourceTree = "<group>"; };
		3BD601522B425A09001AE3D0 /* HttpClientErrors.swift */ = {isa = PBXFileReference; lastKnownFileType = sourcecode.swift; path = HttpClientErrors.swift; sourceTree = "<group>"; };
		3BD601542B425A43001AE3D0 /* ApiDataSourceType.swift */ = {isa = PBXFileReference; lastKnownFileType = sourcecode.swift; path = ApiDataSourceType.swift; sourceTree = "<group>"; };
/* End PBXFileReference section */

/* Begin PBXFrameworksBuildPhase section */
		3BD601092B41D5E5001AE3D0 /* Frameworks */ = {
			isa = PBXFrameworksBuildPhase;
			buildActionMask = 2147483647;
			files = (
			);
			runOnlyForDeploymentPostprocessing = 0;
		};
		3BD601192B41D5E9001AE3D0 /* Frameworks */ = {
			isa = PBXFrameworksBuildPhase;
			buildActionMask = 2147483647;
			files = (
			);
			runOnlyForDeploymentPostprocessing = 0;
		};
		3BD601232B41D5E9001AE3D0 /* Frameworks */ = {
			isa = PBXFrameworksBuildPhase;
			buildActionMask = 2147483647;
			files = (
			);
			runOnlyForDeploymentPostprocessing = 0;
		};
/* End PBXFrameworksBuildPhase section */

/* Begin PBXGroup section */
		3BD601032B41D5E5001AE3D0 = {
			isa = PBXGroup;
			children = (
				3BD6010E2B41D5E5001AE3D0 /* CoinCleanArchitecture */,
				3BD6011F2B41D5E9001AE3D0 /* CoinCleanArchitectureTests */,
				3BD601292B41D5E9001AE3D0 /* CoinCleanArchitectureUITests */,
				3BD6010D2B41D5E5001AE3D0 /* Products */,
			);
			sourceTree = "<group>";
		};
		3BD6010D2B41D5E5001AE3D0 /* Products */ = {
			isa = PBXGroup;
			children = (
				3BD6010C2B41D5E5001AE3D0 /* CoinCleanArchitecture.app */,
				3BD6011C2B41D5E9001AE3D0 /* CoinCleanArchitectureTests.xctest */,
				3BD601262B41D5E9001AE3D0 /* CoinCleanArchitectureUITests.xctest */,
			);
			name = Products;
			sourceTree = "<group>";
		};
		3BD6010E2B41D5E5001AE3D0 /* CoinCleanArchitecture */ = {
			isa = PBXGroup;
			children = (
				3BD601472B423747001AE3D0 /* Data */,
				3BD6013B2B42160E001AE3D0 /* Domain */,
				3BD6010F2B41D5E5001AE3D0 /* CoinCleanArchitectureApp.swift */,
				3BD601112B41D5E5001AE3D0 /* ContentView.swift */,
				3BD601132B41D5E8001AE3D0 /* Assets.xcassets */,
				3BD601152B41D5E8001AE3D0 /* Preview Content */,
			);
			path = CoinCleanArchitecture;
			sourceTree = "<group>";
		};
		3BD601152B41D5E8001AE3D0 /* Preview Content */ = {
			isa = PBXGroup;
			children = (
				3BD601162B41D5E8001AE3D0 /* Preview Assets.xcassets */,
			);
			path = "Preview Content";
			sourceTree = "<group>";
		};
		3BD6011F2B41D5E9001AE3D0 /* CoinCleanArchitectureTests */ = {
			isa = PBXGroup;
			children = (
				3BD601202B41D5E9001AE3D0 /* CoinCleanArchitectureTests.swift */,
			);
			path = CoinCleanArchitectureTests;
			sourceTree = "<group>";
		};
		3BD601292B41D5E9001AE3D0 /* CoinCleanArchitectureUITests */ = {
			isa = PBXGroup;
			children = (
				3BD6012A2B41D5E9001AE3D0 /* CoinCleanArchitectureUITests.swift */,
				3BD6012C2B41D5E9001AE3D0 /* CoinCleanArchitectureUITestsLaunchTests.swift */,
			);
			path = CoinCleanArchitectureUITests;
			sourceTree = "<group>";
		};
		3BD6013B2B42160E001AE3D0 /* Domain */ = {
			isa = PBXGroup;
			children = (
				3BD601422B423641001AE3D0 /* Interfaces */,
				3BD6013E2B421977001AE3D0 /* Use cases */,
				3BD6013D2B421682001AE3D0 /* Entities */,
				3BD601452B423728001AE3D0 /* CryptoCurrencyDomainError.swift */,
			);
			path = Domain;
			sourceTree = "<group>";
		};
		3BD6013D2B421682001AE3D0 /* Entities */ = {
			isa = PBXGroup;
			children = (
				3BD601392B4215FF001AE3D0 /* Cryptocurrency.swift */,
			);
			path = Entities;
			sourceTree = "<group>";
		};
		3BD6013E2B421977001AE3D0 /* Use cases */ = {
			isa = PBXGroup;
			children = (
				3BD601402B421CF9001AE3D0 /* GetGlobalCryptoList.swift */,
			);
			path = "Use cases";
			sourceTree = "<group>";
		};
		3BD601422B423641001AE3D0 /* Interfaces */ = {
			isa = PBXGroup;
			children = (
				3BD601432B42368F001AE3D0 /* GlobalCryptoListRespositoryType.swift */,
			);
			path = Interfaces;
			sourceTree = "<group>";
		};
		3BD601472B423747001AE3D0 /* Data */ = {
			isa = PBXGroup;
			children = (
				3BD601512B4259F7001AE3D0 /* Networking */,
				3BD6014B2B425915001AE3D0 /* DTOs */,
				3BD601482B423786001AE3D0 /* Repositories */,
			);
			path = Data;
			sourceTree = "<group>";
		};
		3BD601482B423786001AE3D0 /* Repositories */ = {
			isa = PBXGroup;
			children = (
				3BD601492B4237A8001AE3D0 /* CryptoCurrencyRespository.swift */,
			);
			path = Repositories;
			sourceTree = "<group>";
		};
		3BD6014B2B425915001AE3D0 /* DTOs */ = {
			isa = PBXGroup;
			children = (
				3BD6014C2B425983001AE3D0 /* CryptoCurrencyPriceDTO.swift */,
				3BD6014F2B4259B9001AE3D0 /* CryptocurrencyBasicDTO.swift */,
			);
			path = DTOs;
			sourceTree = "<group>";
		};
		3BD601512B4259F7001AE3D0 /* Networking */ = {
			isa = PBXGroup;
			children = (
				3BD601522B425A09001AE3D0 /* HttpClientErrors.swift */,
				3BD601542B425A43001AE3D0 /* ApiDataSourceType.swift */,
			);
			path = Networking;
			sourceTree = "<group>";
		};
/* End PBXGroup section */

/* Begin PBXNativeTarget section */
		3BD6010B2B41D5E5001AE3D0 /* CoinCleanArchitecture */ = {
			isa = PBXNativeTarget;
			buildConfigurationList = 3BD601302B41D5E9001AE3D0 /* Build configuration list for PBXNativeTarget "CoinCleanArchitecture" */;
			buildPhases = (
				3BD601082B41D5E5001AE3D0 /* Sources */,
				3BD601092B41D5E5001AE3D0 /* Frameworks */,
				3BD6010A2B41D5E5001AE3D0 /* Resources */,
			);
			buildRules = (
			);
			dependencies = (
			);
			name = CoinCleanArchitecture;
			productName = CoinCleanArchitecture;
			productReference = 3BD6010C2B41D5E5001AE3D0 /* CoinCleanArchitecture.app */;
			productType = "com.apple.product-type.application";
		};
		3BD6011B2B41D5E9001AE3D0 /* CoinCleanArchitectureTests */ = {
			isa = PBXNativeTarget;
			buildConfigurationList = 3BD601332B41D5E9001AE3D0 /* Build configuration list for PBXNativeTarget "CoinCleanArchitectureTests" */;
			buildPhases = (
				3BD601182B41D5E9001AE3D0 /* Sources */,
				3BD601192B41D5E9001AE3D0 /* Frameworks */,
				3BD6011A2B41D5E9001AE3D0 /* Resources */,
			);
			buildRules = (
			);
			dependencies = (
				3BD6011E2B41D5E9001AE3D0 /* PBXTargetDependency */,
			);
			name = CoinCleanArchitectureTests;
			productName = CoinCleanArchitectureTests;
			productReference = 3BD6011C2B41D5E9001AE3D0 /* CoinCleanArchitectureTests.xctest */;
			productType = "com.apple.product-type.bundle.unit-test";
		};
		3BD601252B41D5E9001AE3D0 /* CoinCleanArchitectureUITests */ = {
			isa = PBXNativeTarget;
			buildConfigurationList = 3BD601362B41D5E9001AE3D0 /* Build configuration list for PBXNativeTarget "CoinCleanArchitectureUITests" */;
			buildPhases = (
				3BD601222B41D5E9001AE3D0 /* Sources */,
				3BD601232B41D5E9001AE3D0 /* Frameworks */,
				3BD601242B41D5E9001AE3D0 /* Resources */,
			);
			buildRules = (
			);
			dependencies = (
				3BD601282B41D5E9001AE3D0 /* PBXTargetDependency */,
			);
			name = CoinCleanArchitectureUITests;
			productName = CoinCleanArchitectureUITests;
			productReference = 3BD601262B41D5E9001AE3D0 /* CoinCleanArchitectureUITests.xctest */;
			productType = "com.apple.product-type.bundle.ui-testing";
		};
/* End PBXNativeTarget section */

/* Begin PBXProject section */
		3BD601042B41D5E5001AE3D0 /* Project object */ = {
			isa = PBXProject;
			attributes = {
				BuildIndependentTargetsInParallel = 1;
				LastSwiftUpdateCheck = 1510;
				LastUpgradeCheck = 1510;
				TargetAttributes = {
					3BD6010B2B41D5E5001AE3D0 = {
						CreatedOnToolsVersion = 15.1;
					};
					3BD6011B2B41D5E9001AE3D0 = {
						CreatedOnToolsVersion = 15.1;
						TestTargetID = 3BD6010B2B41D5E5001AE3D0;
					};
					3BD601252B41D5E9001AE3D0 = {
						CreatedOnToolsVersion = 15.1;
						TestTargetID = 3BD6010B2B41D5E5001AE3D0;
					};
				};
			};
			buildConfigurationList = 3BD601072B41D5E5001AE3D0 /* Build configuration list for PBXProject "CoinCleanArchitecture" */;
			compatibilityVersion = "Xcode 14.0";
			developmentRegion = en;
			hasScannedForEncodings = 0;
			knownRegions = (
				en,
				Base,
			);
			mainGroup = 3BD601032B41D5E5001AE3D0;
			productRefGroup = 3BD6010D2B41D5E5001AE3D0 /* Products */;
			projectDirPath = "";
			projectRoot = "";
			targets = (
				3BD6010B2B41D5E5001AE3D0 /* CoinCleanArchitecture */,
				3BD6011B2B41D5E9001AE3D0 /* CoinCleanArchitectureTests */,
				3BD601252B41D5E9001AE3D0 /* CoinCleanArchitectureUITests */,
			);
		};
/* End PBXProject section */

/* Begin PBXResourcesBuildPhase section */
		3BD6010A2B41D5E5001AE3D0 /* Resources */ = {
			isa = PBXResourcesBuildPhase;
			buildActionMask = 2147483647;
			files = (
				3BD601172B41D5E8001AE3D0 /* Preview Assets.xcassets in Resources */,
				3BD601142B41D5E8001AE3D0 /* Assets.xcassets in Resources */,
			);
			runOnlyForDeploymentPostprocessing = 0;
		};
		3BD6011A2B41D5E9001AE3D0 /* Resources */ = {
			isa = PBXResourcesBuildPhase;
			buildActionMask = 2147483647;
			files = (
			);
			runOnlyForDeploymentPostprocessing = 0;
		};
		3BD601242B41D5E9001AE3D0 /* Resources */ = {
			isa = PBXResourcesBuildPhase;
			buildActionMask = 2147483647;
			files = (
			);
			runOnlyForDeploymentPostprocessing = 0;
		};
/* End PBXResourcesBuildPhase section */

/* Begin PBXSourcesBuildPhase section */
		3BD601082B41D5E5001AE3D0 /* Sources */ = {
			isa = PBXSourcesBuildPhase;
			buildActionMask = 2147483647;
			files = (
				3BD601122B41D5E5001AE3D0 /* ContentView.swift in Sources */,
				3BD6013A2B4215FF001AE3D0 /* Cryptocurrency.swift in Sources */,
				3BD601502B4259B9001AE3D0 /* CryptocurrencyBasicDTO.swift in Sources */,
				3BD601532B425A09001AE3D0 /* HttpClientErrors.swift in Sources */,
				3BD601462B423728001AE3D0 /* CryptoCurrencyDomainError.swift in Sources */,
				3BD601412B421CF9001AE3D0 /* GetGlobalCryptoList.swift in Sources */,
				3BD601442B42368F001AE3D0 /* GlobalCryptoListRespositoryType.swift in Sources */,
				3BD6014D2B425983001AE3D0 /* CryptoCurrencyPriceDTO.swift in Sources */,
				3BD601552B425A43001AE3D0 /* ApiDataSourceType.swift in Sources */,
				3BD601102B41D5E5001AE3D0 /* CoinCleanArchitectureApp.swift in Sources */,
				3BD6014A2B4237A8001AE3D0 /* CryptoCurrencyRespository.swift in Sources */,
			);
			runOnlyForDeploymentPostprocessing = 0;
		};
		3BD601182B41D5E9001AE3D0 /* Sources */ = {
			isa = PBXSourcesBuildPhase;
			buildActionMask = 2147483647;
			files = (
				3BD601212B41D5E9001AE3D0 /* CoinCleanArchitectureTests.swift in Sources */,
			);
			runOnlyForDeploymentPostprocessing = 0;
		};
		3BD601222B41D5E9001AE3D0 /* Sources */ = {
			isa = PBXSourcesBuildPhase;
			buildActionMask = 2147483647;
			files = (
				3BD6012D2B41D5E9001AE3D0 /* CoinCleanArchitectureUITestsLaunchTests.swift in Sources */,
				3BD6012B2B41D5E9001AE3D0 /* CoinCleanArchitectureUITests.swift in Sources */,
			);
			runOnlyForDeploymentPostprocessing = 0;
		};
/* End PBXSourcesBuildPhase section */

/* Begin PBXTargetDependency section */
		3BD6011E2B41D5E9001AE3D0 /* PBXTargetDependency */ = {
			isa = PBXTargetDependency;
			target = 3BD6010B2B41D5E5001AE3D0 /* CoinCleanArchitecture */;
			targetProxy = 3BD6011D2B41D5E9001AE3D0 /* PBXContainerItemProxy */;
		};
		3BD601282B41D5E9001AE3D0 /* PBXTargetDependency */ = {
			isa = PBXTargetDependency;
			target = 3BD6010B2B41D5E5001AE3D0 /* CoinCleanArchitecture */;
			targetProxy = 3BD601272B41D5E9001AE3D0 /* PBXContainerItemProxy */;
		};
/* End PBXTargetDependency section */

/* Begin XCBuildConfiguration section */
		3BD6012E2B41D5E9001AE3D0 /* Debug */ = {
			isa = XCBuildConfiguration;
			buildSettings = {
				ALWAYS_SEARCH_USER_PATHS = NO;
				ASSETCATALOG_COMPILER_GENERATE_SWIFT_ASSET_SYMBOL_EXTENSIONS = YES;
				CLANG_ANALYZER_NONNULL = YES;
				CLANG_ANALYZER_NUMBER_OBJECT_CONVERSION = YES_AGGRESSIVE;
				CLANG_CXX_LANGUAGE_STANDARD = "gnu++20";
				CLANG_ENABLE_MODULES = YES;
				CLANG_ENABLE_OBJC_ARC = YES;
				CLANG_ENABLE_OBJC_WEAK = YES;
				CLANG_WARN_BLOCK_CAPTURE_AUTORELEASING = YES;
				CLANG_WARN_BOOL_CONVERSION = YES;
				CLANG_WARN_COMMA = YES;
				CLANG_WARN_CONSTANT_CONVERSION = YES;
				CLANG_WARN_DEPRECATED_OBJC_IMPLEMENTATIONS = YES;
				CLANG_WARN_DIRECT_OBJC_ISA_USAGE = YES_ERROR;
				CLANG_WARN_DOCUMENTATION_COMMENTS = YES;
				CLANG_WARN_EMPTY_BODY = YES;
				CLANG_WARN_ENUM_CONVERSION = YES;
				CLANG_WARN_INFINITE_RECURSION = YES;
				CLANG_WARN_INT_CONVERSION = YES;
				CLANG_WARN_NON_LITERAL_NULL_CONVERSION = YES;
				CLANG_WARN_OBJC_IMPLICIT_RETAIN_SELF = YES;
				CLANG_WARN_OBJC_LITERAL_CONVERSION = YES;
				CLANG_WARN_OBJC_ROOT_CLASS = YES_ERROR;
				CLANG_WARN_QUOTED_INCLUDE_IN_FRAMEWORK_HEADER = YES;
				CLANG_WARN_RANGE_LOOP_ANALYSIS = YES;
				CLANG_WARN_STRICT_PROTOTYPES = YES;
				CLANG_WARN_SUSPICIOUS_MOVE = YES;
				CLANG_WARN_UNGUARDED_AVAILABILITY = YES_AGGRESSIVE;
				CLANG_WARN_UNREACHABLE_CODE = YES;
				CLANG_WARN__DUPLICATE_METHOD_MATCH = YES;
				COPY_PHASE_STRIP = NO;
				DEBUG_INFORMATION_FORMAT = dwarf;
				ENABLE_STRICT_OBJC_MSGSEND = YES;
				ENABLE_TESTABILITY = YES;
				ENABLE_USER_SCRIPT_SANDBOXING = YES;
				GCC_C_LANGUAGE_STANDARD = gnu17;
				GCC_DYNAMIC_NO_PIC = NO;
				GCC_NO_COMMON_BLOCKS = YES;
				GCC_OPTIMIZATION_LEVEL = 0;
				GCC_PREPROCESSOR_DEFINITIONS = (
					"DEBUG=1",
					"$(inherited)",
				);
				GCC_WARN_64_TO_32_BIT_CONVERSION = YES;
				GCC_WARN_ABOUT_RETURN_TYPE = YES_ERROR;
				GCC_WARN_UNDECLARED_SELECTOR = YES;
				GCC_WARN_UNINITIALIZED_AUTOS = YES_AGGRESSIVE;
				GCC_WARN_UNUSED_FUNCTION = YES;
				GCC_WARN_UNUSED_VARIABLE = YES;
				IPHONEOS_DEPLOYMENT_TARGET = 17.2;
				LOCALIZATION_PREFERS_STRING_CATALOGS = YES;
				MTL_ENABLE_DEBUG_INFO = INCLUDE_SOURCE;
				MTL_FAST_MATH = YES;
				ONLY_ACTIVE_ARCH = YES;
				SDKROOT = iphoneos;
				SWIFT_ACTIVE_COMPILATION_CONDITIONS = "DEBUG $(inherited)";
				SWIFT_OPTIMIZATION_LEVEL = "-Onone";
			};
			name = Debug;
		};
		3BD6012F2B41D5E9001AE3D0 /* Release */ = {
			isa = XCBuildConfiguration;
			buildSettings = {
				ALWAYS_SEARCH_USER_PATHS = NO;
				ASSETCATALOG_COMPILER_GENERATE_SWIFT_ASSET_SYMBOL_EXTENSIONS = YES;
				CLANG_ANALYZER_NONNULL = YES;
				CLANG_ANALYZER_NUMBER_OBJECT_CONVERSION = YES_AGGRESSIVE;
				CLANG_CXX_LANGUAGE_STANDARD = "gnu++20";
				CLANG_ENABLE_MODULES = YES;
				CLANG_ENABLE_OBJC_ARC = YES;
				CLANG_ENABLE_OBJC_WEAK = YES;
				CLANG_WARN_BLOCK_CAPTURE_AUTORELEASING = YES;
				CLANG_WARN_BOOL_CONVERSION = YES;
				CLANG_WARN_COMMA = YES;
				CLANG_WARN_CONSTANT_CONVERSION = YES;
				CLANG_WARN_DEPRECATED_OBJC_IMPLEMENTATIONS = YES;
				CLANG_WARN_DIRECT_OBJC_ISA_USAGE = YES_ERROR;
				CLANG_WARN_DOCUMENTATION_COMMENTS = YES;
				CLANG_WARN_EMPTY_BODY = YES;
				CLANG_WARN_ENUM_CONVERSION = YES;
				CLANG_WARN_INFINITE_RECURSION = YES;
				CLANG_WARN_INT_CONVERSION = YES;
				CLANG_WARN_NON_LITERAL_NULL_CONVERSION = YES;
				CLANG_WARN_OBJC_IMPLICIT_RETAIN_SELF = YES;
				CLANG_WARN_OBJC_LITERAL_CONVERSION = YES;
				CLANG_WARN_OBJC_ROOT_CLASS = YES_ERROR;
				CLANG_WARN_QUOTED_INCLUDE_IN_FRAMEWORK_HEADER = YES;
				CLANG_WARN_RANGE_LOOP_ANALYSIS = YES;
				CLANG_WARN_STRICT_PROTOTYPES = YES;
				CLANG_WARN_SUSPICIOUS_MOVE = YES;
				CLANG_WARN_UNGUARDED_AVAILABILITY = YES_AGGRESSIVE;
				CLANG_WARN_UNREACHABLE_CODE = YES;
				CLANG_WARN__DUPLICATE_METHOD_MATCH = YES;
				COPY_PHASE_STRIP = NO;
				DEBUG_INFORMATION_FORMAT = "dwarf-with-dsym";
				ENABLE_NS_ASSERTIONS = NO;
				ENABLE_STRICT_OBJC_MSGSEND = YES;
				ENABLE_USER_SCRIPT_SANDBOXING = YES;
				GCC_C_LANGUAGE_STANDARD = gnu17;
				GCC_NO_COMMON_BLOCKS = YES;
				GCC_WARN_64_TO_32_BIT_CONVERSION = YES;
				GCC_WARN_ABOUT_RETURN_TYPE = YES_ERROR;
				GCC_WARN_UNDECLARED_SELECTOR = YES;
				GCC_WARN_UNINITIALIZED_AUTOS = YES_AGGRESSIVE;
				GCC_WARN_UNUSED_FUNCTION = YES;
				GCC_WARN_UNUSED_VARIABLE = YES;
				IPHONEOS_DEPLOYMENT_TARGET = 17.2;
				LOCALIZATION_PREFERS_STRING_CATALOGS = YES;
				MTL_ENABLE_DEBUG_INFO = NO;
				MTL_FAST_MATH = YES;
				SDKROOT = iphoneos;
				SWIFT_COMPILATION_MODE = wholemodule;
				VALIDATE_PRODUCT = YES;
			};
			name = Release;
		};
		3BD601312B41D5E9001AE3D0 /* Debug */ = {
			isa = XCBuildConfiguration;
			buildSettings = {
				ASSETCATALOG_COMPILER_APPICON_NAME = AppIcon;
				ASSETCATALOG_COMPILER_GLOBAL_ACCENT_COLOR_NAME = AccentColor;
				CODE_SIGN_STYLE = Automatic;
				CURRENT_PROJECT_VERSION = 1;
				DEVELOPMENT_ASSET_PATHS = "\"CoinCleanArchitecture/Preview Content\"";
				DEVELOPMENT_TEAM = 98GMB66A3B;
				ENABLE_PREVIEWS = YES;
				GENERATE_INFOPLIST_FILE = YES;
				INFOPLIST_KEY_UIApplicationSceneManifest_Generation = YES;
				INFOPLIST_KEY_UIApplicationSupportsIndirectInputEvents = YES;
				INFOPLIST_KEY_UILaunchScreen_Generation = YES;
				INFOPLIST_KEY_UISupportedInterfaceOrientations_iPad = "UIInterfaceOrientationPortrait UIInterfaceOrientationPortraitUpsideDown UIInterfaceOrientationLandscapeLeft UIInterfaceOrientationLandscapeRight";
				INFOPLIST_KEY_UISupportedInterfaceOrientations_iPhone = "UIInterfaceOrientationPortrait UIInterfaceOrientationLandscapeLeft UIInterfaceOrientationLandscapeRight";
				LD_RUNPATH_SEARCH_PATHS = (
					"$(inherited)",
					"@executable_path/Frameworks",
				);
				MARKETING_VERSION = 1.0;
				PRODUCT_BUNDLE_IDENTIFIER = raydev.com.CoinCleanArchitecture;
				PRODUCT_NAME = "$(TARGET_NAME)";
				SWIFT_EMIT_LOC_STRINGS = YES;
				SWIFT_VERSION = 5.0;
				TARGETED_DEVICE_FAMILY = "1,2";
			};
			name = Debug;
		};
		3BD601322B41D5E9001AE3D0 /* Release */ = {
			isa = XCBuildConfiguration;
			buildSettings = {
				ASSETCATALOG_COMPILER_APPICON_NAME = AppIcon;
				ASSETCATALOG_COMPILER_GLOBAL_ACCENT_COLOR_NAME = AccentColor;
				CODE_SIGN_STYLE = Automatic;
				CURRENT_PROJECT_VERSION = 1;
				DEVELOPMENT_ASSET_PATHS = "\"CoinCleanArchitecture/Preview Content\"";
				DEVELOPMENT_TEAM = 98GMB66A3B;
				ENABLE_PREVIEWS = YES;
				GENERATE_INFOPLIST_FILE = YES;
				INFOPLIST_KEY_UIApplicationSceneManifest_Generation = YES;
				INFOPLIST_KEY_UIApplicationSupportsIndirectInputEvents = YES;
				INFOPLIST_KEY_UILaunchScreen_Generation = YES;
				INFOPLIST_KEY_UISupportedInterfaceOrientations_iPad = "UIInterfaceOrientationPortrait UIInterfaceOrientationPortraitUpsideDown UIInterfaceOrientationLandscapeLeft UIInterfaceOrientationLandscapeRight";
				INFOPLIST_KEY_UISupportedInterfaceOrientations_iPhone = "UIInterfaceOrientationPortrait UIInterfaceOrientationLandscapeLeft UIInterfaceOrientationLandscapeRight";
				LD_RUNPATH_SEARCH_PATHS = (
					"$(inherited)",
					"@executable_path/Frameworks",
				);
				MARKETING_VERSION = 1.0;
				PRODUCT_BUNDLE_IDENTIFIER = raydev.com.CoinCleanArchitecture;
				PRODUCT_NAME = "$(TARGET_NAME)";
				SWIFT_EMIT_LOC_STRINGS = YES;
				SWIFT_VERSION = 5.0;
				TARGETED_DEVICE_FAMILY = "1,2";
			};
			name = Release;
		};
		3BD601342B41D5E9001AE3D0 /* Debug */ = {
			isa = XCBuildConfiguration;
			buildSettings = {
				ALWAYS_EMBED_SWIFT_STANDARD_LIBRARIES = YES;
				BUNDLE_LOADER = "$(TEST_HOST)";
				CODE_SIGN_STYLE = Automatic;
				CURRENT_PROJECT_VERSION = 1;
				DEVELOPMENT_TEAM = 98GMB66A3B;
				GENERATE_INFOPLIST_FILE = YES;
				IPHONEOS_DEPLOYMENT_TARGET = 17.2;
				MARKETING_VERSION = 1.0;
				PRODUCT_BUNDLE_IDENTIFIER = raydev.com.CoinCleanArchitectureTests;
				PRODUCT_NAME = "$(TARGET_NAME)";
				SWIFT_EMIT_LOC_STRINGS = NO;
				SWIFT_VERSION = 5.0;
				TARGETED_DEVICE_FAMILY = "1,2";
				TEST_HOST = "$(BUILT_PRODUCTS_DIR)/CoinCleanArchitecture.app/$(BUNDLE_EXECUTABLE_FOLDER_PATH)/CoinCleanArchitecture";
			};
			name = Debug;
		};
		3BD601352B41D5E9001AE3D0 /* Release */ = {
			isa = XCBuildConfiguration;
			buildSettings = {
				ALWAYS_EMBED_SWIFT_STANDARD_LIBRARIES = YES;
				BUNDLE_LOADER = "$(TEST_HOST)";
				CODE_SIGN_STYLE = Automatic;
				CURRENT_PROJECT_VERSION = 1;
				DEVELOPMENT_TEAM = 98GMB66A3B;
				GENERATE_INFOPLIST_FILE = YES;
				IPHONEOS_DEPLOYMENT_TARGET = 17.2;
				MARKETING_VERSION = 1.0;
				PRODUCT_BUNDLE_IDENTIFIER = raydev.com.CoinCleanArchitectureTests;
				PRODUCT_NAME = "$(TARGET_NAME)";
				SWIFT_EMIT_LOC_STRINGS = NO;
				SWIFT_VERSION = 5.0;
				TARGETED_DEVICE_FAMILY = "1,2";
				TEST_HOST = "$(BUILT_PRODUCTS_DIR)/CoinCleanArchitecture.app/$(BUNDLE_EXECUTABLE_FOLDER_PATH)/CoinCleanArchitecture";
			};
			name = Release;
		};
		3BD601372B41D5E9001AE3D0 /* Debug */ = {
			isa = XCBuildConfiguration;
			buildSettings = {
				ALWAYS_EMBED_SWIFT_STANDARD_LIBRARIES = YES;
				CODE_SIGN_STYLE = Automatic;
				CURRENT_PROJECT_VERSION = 1;
				DEVELOPMENT_TEAM = 98GMB66A3B;
				GENERATE_INFOPLIST_FILE = YES;
				MARKETING_VERSION = 1.0;
				PRODUCT_BUNDLE_IDENTIFIER = raydev.com.CoinCleanArchitectureUITests;
				PRODUCT_NAME = "$(TARGET_NAME)";
				SWIFT_EMIT_LOC_STRINGS = NO;
				SWIFT_VERSION = 5.0;
				TARGETED_DEVICE_FAMILY = "1,2";
				TEST_TARGET_NAME = CoinCleanArchitecture;
			};
			name = Debug;
		};
		3BD601382B41D5E9001AE3D0 /* Release */ = {
			isa = XCBuildConfiguration;
			buildSettings = {
				ALWAYS_EMBED_SWIFT_STANDARD_LIBRARIES = YES;
				CODE_SIGN_STYLE = Automatic;
				CURRENT_PROJECT_VERSION = 1;
				DEVELOPMENT_TEAM = 98GMB66A3B;
				GENERATE_INFOPLIST_FILE = YES;
				MARKETING_VERSION = 1.0;
				PRODUCT_BUNDLE_IDENTIFIER = raydev.com.CoinCleanArchitectureUITests;
				PRODUCT_NAME = "$(TARGET_NAME)";
				SWIFT_EMIT_LOC_STRINGS = NO;
				SWIFT_VERSION = 5.0;
				TARGETED_DEVICE_FAMILY = "1,2";
				TEST_TARGET_NAME = CoinCleanArchitecture;
			};
			name = Release;
		};
/* End XCBuildConfiguration section */

/* Begin XCConfigurationList section */
		3BD601072B41D5E5001AE3D0 /* Build configuration list for PBXProject "CoinCleanArchitecture" */ = {
			isa = XCConfigurationList;
			buildConfigurations = (
				3BD6012E2B41D5E9001AE3D0 /* Debug */,
				3BD6012F2B41D5E9001AE3D0 /* Release */,
			);
			defaultConfigurationIsVisible = 0;
			defaultConfigurationName = Release;
		};
		3BD601302B41D5E9001AE3D0 /* Build configuration list for PBXNativeTarget "CoinCleanArchitecture" */ = {
			isa = XCConfigurationList;
			buildConfigurations = (
				3BD601312B41D5E9001AE3D0 /* Debug */,
				3BD601322B41D5E9001AE3D0 /* Release */,
			);
			defaultConfigurationIsVisible = 0;
			defaultConfigurationName = Release;
		};
		3BD601332B41D5E9001AE3D0 /* Build configuration list for PBXNativeTarget "CoinCleanArchitectureTests" */ = {
			isa = XCConfigurationList;
			buildConfigurations = (
				3BD601342B41D5E9001AE3D0 /* Debug */,
				3BD601352B41D5E9001AE3D0 /* Release */,
			);
			defaultConfigurationIsVisible = 0;
			defaultConfigurationName = Release;
		};
		3BD601362B41D5E9001AE3D0 /* Build configuration list for PBXNativeTarget "CoinCleanArchitectureUITests" */ = {
			isa = XCConfigurationList;
			buildConfigurations = (
				3BD601372B41D5E9001AE3D0 /* Debug */,
				3BD601382B41D5E9001AE3D0 /* Release */,
			);
			defaultConfigurationIsVisible = 0;
			defaultConfigurationName = Release;
		};
/* End XCConfigurationList section */
	};
	rootObject = 3BD601042B41D5E5001AE3D0 /* Project object */;
}
